// !$*UTF8*$!
{
	archiveVersion = 1;
	classes = {
	};
	objectVersion = 46;
	objects = {

/* Begin PBXBuildFile section */
		1D60589F0D05DD5A006BFB54 /* Foundation.framework in Frameworks */ = {isa = PBXBuildFile; fileRef = 1D30AB110D05D00D00671497 /* Foundation.framework */; };
		1DF5F4E00D08C38300B7A737 /* UIKit.framework in Frameworks */ = {isa = PBXBuildFile; fileRef = 1DF5F4DF0D08C38300B7A737 /* UIKit.framework */; };
		288765FD0DF74451002DB57D /* CoreGraphics.framework in Frameworks */ = {isa = PBXBuildFile; fileRef = 288765FC0DF74451002DB57D /* CoreGraphics.framework */; };
		9F2632C01263890E00DA83F1 /* ReadMe.txt in Resources */ = {isa = PBXBuildFile; fileRef = 9F2632BF1263890E00DA83F1 /* ReadMe.txt */; };
		9F2632D812638B5C00DA83F1 /* LocalGlueViewController.m in Sources */ = {isa = PBXBuildFile; fileRef = 9F2632D512638B5C00DA83F1 /* LocalGlueViewController.m */; };
		9F2632DC12638B8700DA83F1 /* main.m in Sources */ = {isa = PBXBuildFile; fileRef = 9F2632DB12638B8700DA83F1 /* main.m */; };
		9F2BD5F31263DA8A0016473B /* Settings.bundle in Resources */ = {isa = PBXBuildFile; fileRef = 9F2BD5F21263DA8A0016473B /* Settings.bundle */; };
		9FC6A492126CE71E008D73BA /* AppDelegate.m in Sources */ = {isa = PBXBuildFile; fileRef = 9FC6A491126CE71E008D73BA /* AppDelegate.m */; };
		9FC6A52F126D05E2008D73BA /* MainWindow.xib in Resources */ = {isa = PBXBuildFile; fileRef = 9FC6A52B126D05E2008D73BA /* MainWindow.xib */; };
		9FEDA345125BC13100D0F59C /* Icon-72.png in Resources */ = {isa = PBXBuildFile; fileRef = 9FEDA33E125BC13100D0F59C /* Icon-72.png */; };
		9FEDA346125BC13100D0F59C /* Icon-Small-50.png in Resources */ = {isa = PBXBuildFile; fileRef = 9FEDA33F125BC13100D0F59C /* Icon-Small-50.png */; };
		9FEDA347125BC13100D0F59C /* Icon-Small.png in Resources */ = {isa = PBXBuildFile; fileRef = 9FEDA340125BC13100D0F59C /* Icon-Small.png */; };
		9FEDA348125BC13100D0F59C /* Icon-Small@2x.png in Resources */ = {isa = PBXBuildFile; fileRef = 9FEDA341125BC13100D0F59C /* Icon-Small@2x.png */; };
		9FEDA349125BC13100D0F59C /* Icon.png in Resources */ = {isa = PBXBuildFile; fileRef = 9FEDA342125BC13100D0F59C /* Icon.png */; };
		9FEDA34B125BC13100D0F59C /* iTunesArtwork in Resources */ = {isa = PBXBuildFile; fileRef = 9FEDA344125BC13100D0F59C /* iTunesArtwork */; };
		C330EDBE13EF69860038059A /* AudioToolbox.framework in Frameworks */ = {isa = PBXBuildFile; fileRef = C330EDBD13EF69860038059A /* AudioToolbox.framework */; };
		C330EDC013EF74B30038059A /* AssetsLibrary.framework in Frameworks */ = {isa = PBXBuildFile; fileRef = C330EDBF13EF74B30038059A /* AssetsLibrary.framework */; };
		C35C4B5513ECC17C0027A6ED /* GlueView.m in Sources */ = {isa = PBXBuildFile; fileRef = C35C4B5413ECC17C0027A6ED /* GlueView.m */; };
		C367DC0513ED58BB00EA3138 /* refresh@2x.png in Resources */ = {isa = PBXBuildFile; fileRef = C367DC0313ED58BB00EA3138 /* refresh@2x.png */; };
		C367DC0613ED58BB00EA3138 /* world@2x.png in Resources */ = {isa = PBXBuildFile; fileRef = C367DC0413ED58BB00EA3138 /* world@2x.png */; };
		C367DC0913ED592B00EA3138 /* refresh.png in Resources */ = {isa = PBXBuildFile; fileRef = C367DC0713ED592B00EA3138 /* refresh.png */; };
		C367DC0A13ED592B00EA3138 /* world.png in Resources */ = {isa = PBXBuildFile; fileRef = C367DC0813ED592B00EA3138 /* world.png */; };
		C367DC1213ED5A5200EA3138 /* bobby_0.mp3 in Resources */ = {isa = PBXBuildFile; fileRef = C367DC0B13ED5A5200EA3138 /* bobby_0.mp3 */; };
		C367DC1313ED5A5200EA3138 /* bobby_1.mp3 in Resources */ = {isa = PBXBuildFile; fileRef = C367DC0C13ED5A5200EA3138 /* bobby_1.mp3 */; };
		C367DC1413ED5A5200EA3138 /* bobby_2.mp3 in Resources */ = {isa = PBXBuildFile; fileRef = C367DC0D13ED5A5200EA3138 /* bobby_2.mp3 */; };
		C367DC1513ED5A5200EA3138 /* bobby_3.mp3 in Resources */ = {isa = PBXBuildFile; fileRef = C367DC0E13ED5A5200EA3138 /* bobby_3.mp3 */; };
		C367DC1613ED5A5200EA3138 /* bobby_4.mp3 in Resources */ = {isa = PBXBuildFile; fileRef = C367DC0F13ED5A5200EA3138 /* bobby_4.mp3 */; };
		C367DC1713ED5A5200EA3138 /* bobby_5.mp3 in Resources */ = {isa = PBXBuildFile; fileRef = C367DC1013ED5A5200EA3138 /* bobby_5.mp3 */; };
		C367DC1813ED5A5200EA3138 /* Bobby.m4a in Resources */ = {isa = PBXBuildFile; fileRef = C367DC1113ED5A5200EA3138 /* Bobby.m4a */; };
		C367DC1B13ED5B0400EA3138 /* GlueViewController.m in Sources */ = {isa = PBXBuildFile; fileRef = C367DC1A13ED5B0400EA3138 /* GlueViewController.m */; };
		C367DC2013ED5B2F00EA3138 /* LocalGlueViewController.xib in Resources */ = {isa = PBXBuildFile; fileRef = C367DC1E13ED5B2F00EA3138 /* LocalGlueViewController.xib */; };
		C367DC2413ED5B4D00EA3138 /* WorldGlueViewController.m in Sources */ = {isa = PBXBuildFile; fileRef = C367DC2213ED5B4D00EA3138 /* WorldGlueViewController.m */; };
		C367DC2513ED5B4D00EA3138 /* WorldGlueViewController.xib in Resources */ = {isa = PBXBuildFile; fileRef = C367DC2313ED5B4D00EA3138 /* WorldGlueViewController.xib */; };
		C36BB9C913EB58E400AE1A35 /* MediaPlayer.framework in Frameworks */ = {isa = PBXBuildFile; fileRef = C36BB9C813EB58E400AE1A35 /* MediaPlayer.framework */; };
		C36BB9E913EC301100AE1A35 /* AVFoundation.framework in Frameworks */ = {isa = PBXBuildFile; fileRef = C36BB9E813EC301100AE1A35 /* AVFoundation.framework */; };
		C36BB9F813EC54CB00AE1A35 /* Asymmetrical-Glue-icon.png in Resources */ = {isa = PBXBuildFile; fileRef = C36BB9F613EC54CB00AE1A35 /* Asymmetrical-Glue-icon.png */; };
		C36BB9F913EC54CB00AE1A35 /* music_note.png in Resources */ = {isa = PBXBuildFile; fileRef = C36BB9F713EC54CB00AE1A35 /* music_note.png */; };
		C36BBA0013EC613000AE1A35 /* Default.png in Resources */ = {isa = PBXBuildFile; fileRef = C36BB9FE13EC613000AE1A35 /* Default.png */; };
		C36BBA0113EC613000AE1A35 /* Default@2x.png in Resources */ = {isa = PBXBuildFile; fileRef = C36BB9FF13EC613000AE1A35 /* Default@2x.png */; };
		C36BBA0313EC616200AE1A35 /* Icon@2x.png in Resources */ = {isa = PBXBuildFile; fileRef = C36BBA0213EC616200AE1A35 /* Icon@2x.png */; };
		C36BBA0513EC6DE300AE1A35 /* wood@2x.png in Resources */ = {isa = PBXBuildFile; fileRef = C36BBA0413EC6DE300AE1A35 /* wood@2x.png */; };
		C3A65B6D13EF2D380078D4C8 /* ImageGrabber.m in Sources */ = {isa = PBXBuildFile; fileRef = C3A65B6C13EF2D380078D4C8 /* ImageGrabber.m */; };
		C3A65B7113EF2D4E0078D4C8 /* GoogleImageGrabber.m in Sources */ = {isa = PBXBuildFile; fileRef = C3A65B7013EF2D4E0078D4C8 /* GoogleImageGrabber.m */; };
		C3A65B7413EF2D620078D4C8 /* LocalImageGrabber.m in Sources */ = {isa = PBXBuildFile; fileRef = C3A65B7313EF2D620078D4C8 /* LocalImageGrabber.m */; };
		C3A65B9113EF4ED00078D4C8 /* NSMutableArray+Shuffling.m in Sources */ = {isa = PBXBuildFile; fileRef = C3A65B9013EF4ECF0078D4C8 /* NSMutableArray+Shuffling.m */; };
		C3EB246613ED8B8A00276C1D /* GlueGenerator.m in Sources */ = {isa = PBXBuildFile; fileRef = C3EB246513ED8B8A00276C1D /* GlueGenerator.m */; };
		C3EB247F13ED8E4100276C1D /* Glue.m in Sources */ = {isa = PBXBuildFile; fileRef = C3EB247E13ED8E4100276C1D /* Glue.m */; };
		C3EB248813EDDBE800276C1D /* FavoritesViewController.m in Sources */ = {isa = PBXBuildFile; fileRef = C3EB248613EDDBE800276C1D /* FavoritesViewController.m */; };
		C3EB248913EDDBE800276C1D /* FavoritesViewController.xib in Resources */ = {isa = PBXBuildFile; fileRef = C3EB248713EDDBE800276C1D /* FavoritesViewController.xib */; };
		C3EB249313EDEB0E00276C1D /* world_bg@2x.jpeg in Resources */ = {isa = PBXBuildFile; fileRef = C3EB249013EDEB0E00276C1D /* world_bg@2x.jpeg */; };
/* End PBXBuildFile section */

/* Begin PBXFileReference section */
		1D30AB110D05D00D00671497 /* Foundation.framework */ = {isa = PBXFileReference; lastKnownFileType = wrapper.framework; name = Foundation.framework; path = System/Library/Frameworks/Foundation.framework; sourceTree = SDKROOT; };
		1D6058910D05DD3D006BFB54 /* Icons.app */ = {isa = PBXFileReference; explicitFileType = wrapper.application; includeInIndex = 0; path = Icons.app; sourceTree = BUILT_PRODUCTS_DIR; };
		1DF5F4DF0D08C38300B7A737 /* UIKit.framework */ = {isa = PBXFileReference; lastKnownFileType = wrapper.framework; name = UIKit.framework; path = System/Library/Frameworks/UIKit.framework; sourceTree = SDKROOT; };
		288765FC0DF74451002DB57D /* CoreGraphics.framework */ = {isa = PBXFileReference; lastKnownFileType = wrapper.framework; name = CoreGraphics.framework; path = System/Library/Frameworks/CoreGraphics.framework; sourceTree = SDKROOT; };
		32CA4F630368D1EE00C91783 /* Icons_Prefix.pch */ = {isa = PBXFileReference; fileEncoding = 4; lastKnownFileType = sourcecode.c.h; path = Icons_Prefix.pch; sourceTree = "<group>"; };
		8D1107310486CEB800E47090 /* Icons-Info.plist */ = {isa = PBXFileReference; fileEncoding = 4; lastKnownFileType = text.plist.xml; path = "Icons-Info.plist"; plistStructureDefinitionIdentifier = "com.apple.xcode.plist.structure-definition.iphone.info-plist"; sourceTree = "<group>"; };
		9F2632BF1263890E00DA83F1 /* ReadMe.txt */ = {isa = PBXFileReference; fileEncoding = 4; lastKnownFileType = text; path = ReadMe.txt; sourceTree = "<group>"; };
		9F2632D412638B5C00DA83F1 /* LocalGlueViewController.h */ = {isa = PBXFileReference; fileEncoding = 4; lastKnownFileType = sourcecode.c.h; name = LocalGlueViewController.h; path = Shared/LocalGlueViewController.h; sourceTree = "<group>"; };
		9F2632D512638B5C00DA83F1 /* LocalGlueViewController.m */ = {isa = PBXFileReference; fileEncoding = 4; lastKnownFileType = sourcecode.c.objc; name = LocalGlueViewController.m; path = Shared/LocalGlueViewController.m; sourceTree = "<group>"; };
		9F2632DB12638B8700DA83F1 /* main.m */ = {isa = PBXFileReference; fileEncoding = 4; lastKnownFileType = sourcecode.c.objc; path = main.m; sourceTree = "<group>"; };
		9F2BD5F21263DA8A0016473B /* Settings.bundle */ = {isa = PBXFileReference; lastKnownFileType = "wrapper.plug-in"; path = Settings.bundle; sourceTree = "<group>"; };
		9FC6A490126CE71E008D73BA /* AppDelegate.h */ = {isa = PBXFileReference; fileEncoding = 4; lastKnownFileType = sourcecode.c.h; name = AppDelegate.h; path = Shared/AppDelegate.h; sourceTree = "<group>"; };
		9FC6A491126CE71E008D73BA /* AppDelegate.m */ = {isa = PBXFileReference; fileEncoding = 4; lastKnownFileType = sourcecode.c.objc; name = AppDelegate.m; path = Shared/AppDelegate.m; sourceTree = "<group>"; };
		9FC6A52C126D05E2008D73BA /* en */ = {isa = PBXFileReference; lastKnownFileType = file.xib; name = en; path = en.lproj/MainWindow.xib; sourceTree = "<group>"; };
		9FEDA33E125BC13100D0F59C /* Icon-72.png */ = {isa = PBXFileReference; lastKnownFileType = image.png; path = "Icon-72.png"; sourceTree = "<group>"; };
		9FEDA33F125BC13100D0F59C /* Icon-Small-50.png */ = {isa = PBXFileReference; lastKnownFileType = image.png; path = "Icon-Small-50.png"; sourceTree = "<group>"; };
		9FEDA340125BC13100D0F59C /* Icon-Small.png */ = {isa = PBXFileReference; lastKnownFileType = image.png; path = "Icon-Small.png"; sourceTree = "<group>"; };
		9FEDA341125BC13100D0F59C /* Icon-Small@2x.png */ = {isa = PBXFileReference; lastKnownFileType = image.png; path = "Icon-Small@2x.png"; sourceTree = "<group>"; };
		9FEDA342125BC13100D0F59C /* Icon.png */ = {isa = PBXFileReference; lastKnownFileType = image.png; path = Icon.png; sourceTree = "<group>"; };
		9FEDA344125BC13100D0F59C /* iTunesArtwork */ = {isa = PBXFileReference; lastKnownFileType = file; path = iTunesArtwork; sourceTree = "<group>"; };
		C330EDBA13EF696B0038059A /* CoreAudio.framework */ = {isa = PBXFileReference; lastKnownFileType = wrapper.framework; name = CoreAudio.framework; path = System/Library/Frameworks/CoreAudio.framework; sourceTree = SDKROOT; };
		C330EDBD13EF69860038059A /* AudioToolbox.framework */ = {isa = PBXFileReference; lastKnownFileType = wrapper.framework; name = AudioToolbox.framework; path = System/Library/Frameworks/AudioToolbox.framework; sourceTree = SDKROOT; };
		C330EDBF13EF74B30038059A /* AssetsLibrary.framework */ = {isa = PBXFileReference; lastKnownFileType = wrapper.framework; name = AssetsLibrary.framework; path = System/Library/Frameworks/AssetsLibrary.framework; sourceTree = SDKROOT; };
		C35C4B5313ECC17C0027A6ED /* GlueView.h */ = {isa = PBXFileReference; fileEncoding = 4; lastKnownFileType = sourcecode.c.h; name = GlueView.h; path = Shared/GlueView.h; sourceTree = "<group>"; };
		C35C4B5413ECC17C0027A6ED /* GlueView.m */ = {isa = PBXFileReference; fileEncoding = 4; lastKnownFileType = sourcecode.c.objc; name = GlueView.m; path = Shared/GlueView.m; sourceTree = "<group>"; };
		C367DC0313ED58BB00EA3138 /* refresh@2x.png */ = {isa = PBXFileReference; lastKnownFileType = image.png; path = "refresh@2x.png"; sourceTree = "<group>"; };
		C367DC0413ED58BB00EA3138 /* world@2x.png */ = {isa = PBXFileReference; lastKnownFileType = image.png; path = "world@2x.png"; sourceTree = "<group>"; };
		C367DC0713ED592B00EA3138 /* refresh.png */ = {isa = PBXFileReference; lastKnownFileType = image.png; path = refresh.png; sourceTree = "<group>"; };
		C367DC0813ED592B00EA3138 /* world.png */ = {isa = PBXFileReference; lastKnownFileType = image.png; path = world.png; sourceTree = "<group>"; };
		C367DC0B13ED5A5200EA3138 /* bobby_0.mp3 */ = {isa = PBXFileReference; lastKnownFileType = audio.mp3; name = bobby_0.mp3; path = Audio/bobby_0.mp3; sourceTree = "<group>"; };
		C367DC0C13ED5A5200EA3138 /* bobby_1.mp3 */ = {isa = PBXFileReference; lastKnownFileType = audio.mp3; name = bobby_1.mp3; path = Audio/bobby_1.mp3; sourceTree = "<group>"; };
		C367DC0D13ED5A5200EA3138 /* bobby_2.mp3 */ = {isa = PBXFileReference; lastKnownFileType = audio.mp3; name = bobby_2.mp3; path = Audio/bobby_2.mp3; sourceTree = "<group>"; };
		C367DC0E13ED5A5200EA3138 /* bobby_3.mp3 */ = {isa = PBXFileReference; lastKnownFileType = audio.mp3; name = bobby_3.mp3; path = Audio/bobby_3.mp3; sourceTree = "<group>"; };
		C367DC0F13ED5A5200EA3138 /* bobby_4.mp3 */ = {isa = PBXFileReference; lastKnownFileType = audio.mp3; name = bobby_4.mp3; path = Audio/bobby_4.mp3; sourceTree = "<group>"; };
		C367DC1013ED5A5200EA3138 /* bobby_5.mp3 */ = {isa = PBXFileReference; lastKnownFileType = audio.mp3; name = bobby_5.mp3; path = Audio/bobby_5.mp3; sourceTree = "<group>"; };
		C367DC1113ED5A5200EA3138 /* Bobby.m4a */ = {isa = PBXFileReference; lastKnownFileType = file; name = Bobby.m4a; path = Audio/Bobby.m4a; sourceTree = "<group>"; };
		C367DC1913ED5B0400EA3138 /* GlueViewController.h */ = {isa = PBXFileReference; fileEncoding = 4; lastKnownFileType = sourcecode.c.h; name = GlueViewController.h; path = Shared/GlueViewController.h; sourceTree = "<group>"; };
		C367DC1A13ED5B0400EA3138 /* GlueViewController.m */ = {isa = PBXFileReference; fileEncoding = 4; lastKnownFileType = sourcecode.c.objc; name = GlueViewController.m; path = Shared/GlueViewController.m; sourceTree = "<group>"; };
		C367DC1E13ED5B2F00EA3138 /* LocalGlueViewController.xib */ = {isa = PBXFileReference; fileEncoding = 4; lastKnownFileType = file.xib; name = LocalGlueViewController.xib; path = Shared/LocalGlueViewController.xib; sourceTree = "<group>"; };
		C367DC2113ED5B4D00EA3138 /* WorldGlueViewController.h */ = {isa = PBXFileReference; fileEncoding = 4; lastKnownFileType = sourcecode.c.h; path = WorldGlueViewController.h; sourceTree = "<group>"; };
		C367DC2213ED5B4D00EA3138 /* WorldGlueViewController.m */ = {isa = PBXFileReference; fileEncoding = 4; lastKnownFileType = sourcecode.c.objc; path = WorldGlueViewController.m; sourceTree = "<group>"; };
		C367DC2313ED5B4D00EA3138 /* WorldGlueViewController.xib */ = {isa = PBXFileReference; fileEncoding = 4; lastKnownFileType = file.xib; path = WorldGlueViewController.xib; sourceTree = "<group>"; };
		C36BB9C813EB58E400AE1A35 /* MediaPlayer.framework */ = {isa = PBXFileReference; lastKnownFileType = wrapper.framework; name = MediaPlayer.framework; path = System/Library/Frameworks/MediaPlayer.framework; sourceTree = SDKROOT; };
		C36BB9E813EC301100AE1A35 /* AVFoundation.framework */ = {isa = PBXFileReference; lastKnownFileType = wrapper.framework; name = AVFoundation.framework; path = System/Library/Frameworks/AVFoundation.framework; sourceTree = SDKROOT; };
		C36BB9F613EC54CB00AE1A35 /* Asymmetrical-Glue-icon.png */ = {isa = PBXFileReference; lastKnownFileType = image.png; path = "Asymmetrical-Glue-icon.png"; sourceTree = "<group>"; };
		C36BB9F713EC54CB00AE1A35 /* music_note.png */ = {isa = PBXFileReference; lastKnownFileType = image.png; path = music_note.png; sourceTree = "<group>"; };
		C36BB9FE13EC613000AE1A35 /* Default.png */ = {isa = PBXFileReference; lastKnownFileType = image.png; path = Default.png; sourceTree = "<group>"; };
		C36BB9FF13EC613000AE1A35 /* Default@2x.png */ = {isa = PBXFileReference; lastKnownFileType = image.png; path = "Default@2x.png"; sourceTree = "<group>"; };
		C36BBA0213EC616200AE1A35 /* Icon@2x.png */ = {isa = PBXFileReference; lastKnownFileType = image.png; path = "Icon@2x.png"; sourceTree = "<group>"; };
		C36BBA0413EC6DE300AE1A35 /* wood@2x.png */ = {isa = PBXFileReference; lastKnownFileType = image.png; path = "wood@2x.png"; sourceTree = "<group>"; };
		C3A65B6B13EF2D380078D4C8 /* ImageGrabber.h */ = {isa = PBXFileReference; fileEncoding = 4; lastKnownFileType = sourcecode.c.h; name = ImageGrabber.h; path = Shared/ImageGrabber.h; sourceTree = "<group>"; };
		C3A65B6C13EF2D380078D4C8 /* ImageGrabber.m */ = {isa = PBXFileReference; fileEncoding = 4; lastKnownFileType = sourcecode.c.objc; name = ImageGrabber.m; path = Shared/ImageGrabber.m; sourceTree = "<group>"; };
		C3A65B6F13EF2D4E0078D4C8 /* GoogleImageGrabber.h */ = {isa = PBXFileReference; fileEncoding = 4; lastKnownFileType = sourcecode.c.h; name = GoogleImageGrabber.h; path = Shared/GoogleImageGrabber.h; sourceTree = "<group>"; };
		C3A65B7013EF2D4E0078D4C8 /* GoogleImageGrabber.m */ = {isa = PBXFileReference; fileEncoding = 4; lastKnownFileType = sourcecode.c.objc; name = GoogleImageGrabber.m; path = Shared/GoogleImageGrabber.m; sourceTree = "<group>"; };
		C3A65B7213EF2D620078D4C8 /* LocalImageGrabber.h */ = {isa = PBXFileReference; fileEncoding = 4; lastKnownFileType = sourcecode.c.h; name = LocalImageGrabber.h; path = Shared/LocalImageGrabber.h; sourceTree = "<group>"; };
		C3A65B7313EF2D620078D4C8 /* LocalImageGrabber.m */ = {isa = PBXFileReference; fileEncoding = 4; lastKnownFileType = sourcecode.c.objc; name = LocalImageGrabber.m; path = Shared/LocalImageGrabber.m; sourceTree = "<group>"; };
		C3A65B8F13EF4ECF0078D4C8 /* NSMutableArray+Shuffling.h */ = {isa = PBXFileReference; fileEncoding = 4; lastKnownFileType = sourcecode.c.h; path = "NSMutableArray+Shuffling.h"; sourceTree = "<group>"; };
		C3A65B9013EF4ECF0078D4C8 /* NSMutableArray+Shuffling.m */ = {isa = PBXFileReference; fileEncoding = 4; lastKnownFileType = sourcecode.c.objc; path = "NSMutableArray+Shuffling.m"; sourceTree = "<group>"; };
		C3EB246413ED8B8A00276C1D /* GlueGenerator.h */ = {isa = PBXFileReference; fileEncoding = 4; lastKnownFileType = sourcecode.c.h; name = GlueGenerator.h; path = Shared/GlueGenerator.h; sourceTree = "<group>"; };
		C3EB246513ED8B8A00276C1D /* GlueGenerator.m */ = {isa = PBXFileReference; fileEncoding = 4; lastKnownFileType = sourcecode.c.objc; name = GlueGenerator.m; path = Shared/GlueGenerator.m; sourceTree = "<group>"; };
		C3EB247D13ED8E4100276C1D /* Glue.h */ = {isa = PBXFileReference; fileEncoding = 4; lastKnownFileType = sourcecode.c.h; name = Glue.h; path = Shared/Glue.h; sourceTree = "<group>"; };
		C3EB247E13ED8E4100276C1D /* Glue.m */ = {isa = PBXFileReference; fileEncoding = 4; lastKnownFileType = sourcecode.c.objc; name = Glue.m; path = Shared/Glue.m; sourceTree = "<group>"; };
		C3EB248513EDDBE800276C1D /* FavoritesViewController.h */ = {isa = PBXFileReference; fileEncoding = 4; lastKnownFileType = sourcecode.c.h; name = FavoritesViewController.h; path = Shared/FavoritesViewController.h; sourceTree = "<group>"; };
		C3EB248613EDDBE800276C1D /* FavoritesViewController.m */ = {isa = PBXFileReference; fileEncoding = 4; lastKnownFileType = sourcecode.c.objc; name = FavoritesViewController.m; path = Shared/FavoritesViewController.m; sourceTree = "<group>"; };
		C3EB248713EDDBE800276C1D /* FavoritesViewController.xib */ = {isa = PBXFileReference; fileEncoding = 4; lastKnownFileType = file.xib; name = FavoritesViewController.xib; path = Shared/FavoritesViewController.xib; sourceTree = "<group>"; };
		C3EB249013EDEB0E00276C1D /* world_bg@2x.jpeg */ = {isa = PBXFileReference; lastKnownFileType = image.jpeg; path = "world_bg@2x.jpeg"; sourceTree = "<group>"; };
/* End PBXFileReference section */

/* Begin PBXFrameworksBuildPhase section */
		1D60588F0D05DD3D006BFB54 /* Frameworks */ = {
			isa = PBXFrameworksBuildPhase;
			buildActionMask = 2147483647;
			files = (
				C330EDC013EF74B30038059A /* AssetsLibrary.framework in Frameworks */,
				C330EDBE13EF69860038059A /* AudioToolbox.framework in Frameworks */,
				C36BB9E913EC301100AE1A35 /* AVFoundation.framework in Frameworks */,
				C36BB9C913EB58E400AE1A35 /* MediaPlayer.framework in Frameworks */,
				1D60589F0D05DD5A006BFB54 /* Foundation.framework in Frameworks */,
				1DF5F4E00D08C38300B7A737 /* UIKit.framework in Frameworks */,
				288765FD0DF74451002DB57D /* CoreGraphics.framework in Frameworks */,
			);
			runOnlyForDeploymentPostprocessing = 0;
		};
/* End PBXFrameworksBuildPhase section */

/* Begin PBXGroup section */
		19C28FACFE9D520D11CA2CBB /* Products */ = {
			isa = PBXGroup;
			children = (
				1D6058910D05DD3D006BFB54 /* Icons.app */,
			);
			name = Products;
			sourceTree = "<group>";
		};
		28EEBF621118D79A00187D67 /* Shared */ = {
			isa = PBXGroup;
			children = (
				C3A65B7713EF2DAC0078D4C8 /* Models */,
				C3A65B7513EF2D710078D4C8 /* Controllers */,
				C3A65B7813EF2DBF0078D4C8 /* Views */,
				C3A65B7613EF2D860078D4C8 /* Utilities */,
				9FC6A490126CE71E008D73BA /* AppDelegate.h */,
				9FC6A491126CE71E008D73BA /* AppDelegate.m */,
			);
			name = Shared;
			sourceTree = "<group>";
		};
		29B97314FDCFA39411CA2CEA /* CustomTemplate */ = {
			isa = PBXGroup;
			children = (
				9F2632BF1263890E00DA83F1 /* ReadMe.txt */,
				28EEBF621118D79A00187D67 /* Shared */,
				29B97315FDCFA39411CA2CEA /* Other Sources */,
				9F2BD5DB1263DA490016473B /* Resources */,
				29B97323FDCFA39411CA2CEA /* Frameworks */,
				19C28FACFE9D520D11CA2CBB /* Products */,
			);
			name = CustomTemplate;
			sourceTree = "<group>";
		};
		29B97315FDCFA39411CA2CEA /* Other Sources */ = {
			isa = PBXGroup;
			children = (
				32CA4F630368D1EE00C91783 /* Icons_Prefix.pch */,
				9F2632DB12638B8700DA83F1 /* main.m */,
			);
			name = "Other Sources";
			sourceTree = "<group>";
		};
		29B97323FDCFA39411CA2CEA /* Frameworks */ = {
			isa = PBXGroup;
			children = (
				C330EDBF13EF74B30038059A /* AssetsLibrary.framework */,
				C330EDBD13EF69860038059A /* AudioToolbox.framework */,
				C330EDBA13EF696B0038059A /* CoreAudio.framework */,
				C36BB9E813EC301100AE1A35 /* AVFoundation.framework */,
				C36BB9C813EB58E400AE1A35 /* MediaPlayer.framework */,
				1DF5F4DF0D08C38300B7A737 /* UIKit.framework */,
				1D30AB110D05D00D00671497 /* Foundation.framework */,
				288765FC0DF74451002DB57D /* CoreGraphics.framework */,
			);
			name = Frameworks;
			sourceTree = "<group>";
		};
		9F2BD5DB1263DA490016473B /* Resources */ = {
			isa = PBXGroup;
			children = (
				C36BB9D913EC2E2F00AE1A35 /* Audio */,
				9FC6A52B126D05E2008D73BA /* MainWindow.xib */,
				C367DC1E13ED5B2F00EA3138 /* LocalGlueViewController.xib */,
				C367DC2313ED5B4D00EA3138 /* WorldGlueViewController.xib */,
				C3EB248713EDDBE800276C1D /* FavoritesViewController.xib */,
				8D1107310486CEB800E47090 /* Icons-Info.plist */,
				9FEDA33D125BC13100D0F59C /* Images */,
				9F2BD5F21263DA8A0016473B /* Settings.bundle */,
			);
			name = Resources;
			sourceTree = "<group>";
		};
		9FEDA33D125BC13100D0F59C /* Images */ = {
			isa = PBXGroup;
			children = (
				C3EB249013EDEB0E00276C1D /* world_bg@2x.jpeg */,
				C367DC0713ED592B00EA3138 /* refresh.png */,
				C367DC0813ED592B00EA3138 /* world.png */,
				C367DC0313ED58BB00EA3138 /* refresh@2x.png */,
				C367DC0413ED58BB00EA3138 /* world@2x.png */,
				C36BBA0413EC6DE300AE1A35 /* wood@2x.png */,
				C36BBA0213EC616200AE1A35 /* Icon@2x.png */,
				C36BB9FE13EC613000AE1A35 /* Default.png */,
				C36BB9FF13EC613000AE1A35 /* Default@2x.png */,
				C36BB9F613EC54CB00AE1A35 /* Asymmetrical-Glue-icon.png */,
				C36BB9F713EC54CB00AE1A35 /* music_note.png */,
				9FEDA33E125BC13100D0F59C /* Icon-72.png */,
				9FEDA33F125BC13100D0F59C /* Icon-Small-50.png */,
				9FEDA340125BC13100D0F59C /* Icon-Small.png */,
				9FEDA341125BC13100D0F59C /* Icon-Small@2x.png */,
				9FEDA342125BC13100D0F59C /* Icon.png */,
				9FEDA344125BC13100D0F59C /* iTunesArtwork */,
			);
			path = Images;
			sourceTree = "<group>";
		};
		C36BB9D913EC2E2F00AE1A35 /* Audio */ = {
			isa = PBXGroup;
			children = (
				C367DC0B13ED5A5200EA3138 /* bobby_0.mp3 */,
				C367DC0C13ED5A5200EA3138 /* bobby_1.mp3 */,
				C367DC0D13ED5A5200EA3138 /* bobby_2.mp3 */,
				C367DC0E13ED5A5200EA3138 /* bobby_3.mp3 */,
				C367DC0F13ED5A5200EA3138 /* bobby_4.mp3 */,
				C367DC1013ED5A5200EA3138 /* bobby_5.mp3 */,
				C367DC1113ED5A5200EA3138 /* Bobby.m4a */,
			);
			name = Audio;
			sourceTree = "<group>";
		};
		C3A65B7513EF2D710078D4C8 /* Controllers */ = {
			isa = PBXGroup;
			children = (
				C367DC1913ED5B0400EA3138 /* GlueViewController.h */,
				C367DC1A13ED5B0400EA3138 /* GlueViewController.m */,
				9F2632D412638B5C00DA83F1 /* LocalGlueViewController.h */,
				9F2632D512638B5C00DA83F1 /* LocalGlueViewController.m */,
				C367DC2113ED5B4D00EA3138 /* WorldGlueViewController.h */,
				C367DC2213ED5B4D00EA3138 /* WorldGlueViewController.m */,
				C3EB248513EDDBE800276C1D /* FavoritesViewController.h */,
				C3EB248613EDDBE800276C1D /* FavoritesViewController.m */,
			);
			name = Controllers;
			sourceTree = "<group>";
		};
		C3A65B7613EF2D860078D4C8 /* Utilities */ = {
			isa = PBXGroup;
			children = (
				C3EB246413ED8B8A00276C1D /* GlueGenerator.h */,
				C3EB246513ED8B8A00276C1D /* GlueGenerator.m */,
				C3A65B6B13EF2D380078D4C8 /* ImageGrabber.h */,
				C3A65B6C13EF2D380078D4C8 /* ImageGrabber.m */,
				C3A65B6F13EF2D4E0078D4C8 /* GoogleImageGrabber.h */,
				C3A65B7013EF2D4E0078D4C8 /* GoogleImageGrabber.m */,
				C3A65B7213EF2D620078D4C8 /* LocalImageGrabber.h */,
				C3A65B7313EF2D620078D4C8 /* LocalImageGrabber.m */,
				C3A65B8F13EF4ECF0078D4C8 /* NSMutableArray+Shuffling.h */,
				C3A65B9013EF4ECF0078D4C8 /* NSMutableArray+Shuffling.m */,
			);
			name = Utilities;
			sourceTree = "<group>";
		};
		C3A65B7713EF2DAC0078D4C8 /* Models */ = {
			isa = PBXGroup;
			children = (
				C3EB247D13ED8E4100276C1D /* Glue.h */,
				C3EB247E13ED8E4100276C1D /* Glue.m */,
			);
			name = Models;
			sourceTree = "<group>";
		};
		C3A65B7813EF2DBF0078D4C8 /* Views */ = {
			isa = PBXGroup;
			children = (
				C35C4B5313ECC17C0027A6ED /* GlueView.h */,
				C35C4B5413ECC17C0027A6ED /* GlueView.m */,
			);
			name = Views;
			sourceTree = "<group>";
		};
/* End PBXGroup section */

/* Begin PBXNativeTarget section */
		1D6058900D05DD3D006BFB54 /* SongGlue */ = {
			isa = PBXNativeTarget;
			buildConfigurationList = 1D6058960D05DD3E006BFB54 /* Build configuration list for PBXNativeTarget "SongGlue" */;
			buildPhases = (
				1D60588D0D05DD3D006BFB54 /* Resources */,
				1D60588E0D05DD3D006BFB54 /* Sources */,
				1D60588F0D05DD3D006BFB54 /* Frameworks */,
			);
			buildRules = (
			);
			dependencies = (
			);
			name = SongGlue;
			productName = Icons;
			productReference = 1D6058910D05DD3D006BFB54 /* Icons.app */;
			productType = "com.apple.product-type.application";
		};
/* End PBXNativeTarget section */

/* Begin PBXProject section */
		29B97313FDCFA39411CA2CEA /* Project object */ = {
			isa = PBXProject;
			attributes = {
				LastUpgradeCheck = 0420;
			};
			buildConfigurationList = C01FCF4E08A954540054247B /* Build configuration list for PBXProject "Icons" */;
			compatibilityVersion = "Xcode 3.2";
			developmentRegion = English;
			hasScannedForEncodings = 1;
			knownRegions = (
				English,
				Japanese,
				French,
				German,
				en,
			);
			mainGroup = 29B97314FDCFA39411CA2CEA /* CustomTemplate */;
			projectDirPath = "";
			projectRoot = "";
			targets = (
				1D6058900D05DD3D006BFB54 /* SongGlue */,
			);
		};
/* End PBXProject section */

/* Begin PBXResourcesBuildPhase section */
		1D60588D0D05DD3D006BFB54 /* Resources */ = {
			isa = PBXResourcesBuildPhase;
			buildActionMask = 2147483647;
			files = (
				9FEDA345125BC13100D0F59C /* Icon-72.png in Resources */,
				9FEDA346125BC13100D0F59C /* Icon-Small-50.png in Resources */,
				9FEDA347125BC13100D0F59C /* Icon-Small.png in Resources */,
				9FEDA348125BC13100D0F59C /* Icon-Small@2x.png in Resources */,
				9FEDA349125BC13100D0F59C /* Icon.png in Resources */,
				9FEDA34B125BC13100D0F59C /* iTunesArtwork in Resources */,
				9F2632C01263890E00DA83F1 /* ReadMe.txt in Resources */,
				9F2BD5F31263DA8A0016473B /* Settings.bundle in Resources */,
				9FC6A52F126D05E2008D73BA /* MainWindow.xib in Resources */,
				C36BB9F813EC54CB00AE1A35 /* Asymmetrical-Glue-icon.png in Resources */,
				C36BB9F913EC54CB00AE1A35 /* music_note.png in Resources */,
				C36BBA0013EC613000AE1A35 /* Default.png in Resources */,
				C36BBA0113EC613000AE1A35 /* Default@2x.png in Resources */,
				C36BBA0313EC616200AE1A35 /* Icon@2x.png in Resources */,
				C36BBA0513EC6DE300AE1A35 /* wood@2x.png in Resources */,
				C367DC0513ED58BB00EA3138 /* refresh@2x.png in Resources */,
				C367DC0613ED58BB00EA3138 /* world@2x.png in Resources */,
				C367DC0913ED592B00EA3138 /* refresh.png in Resources */,
				C367DC0A13ED592B00EA3138 /* world.png in Resources */,
				C367DC1213ED5A5200EA3138 /* bobby_0.mp3 in Resources */,
				C367DC1313ED5A5200EA3138 /* bobby_1.mp3 in Resources */,
				C367DC1413ED5A5200EA3138 /* bobby_2.mp3 in Resources */,
				C367DC1513ED5A5200EA3138 /* bobby_3.mp3 in Resources */,
				C367DC1613ED5A5200EA3138 /* bobby_4.mp3 in Resources */,
				C367DC1713ED5A5200EA3138 /* bobby_5.mp3 in Resources */,
				C367DC1813ED5A5200EA3138 /* Bobby.m4a in Resources */,
				C367DC2013ED5B2F00EA3138 /* LocalGlueViewController.xib in Resources */,
				C367DC2513ED5B4D00EA3138 /* WorldGlueViewController.xib in Resources */,
				C3EB248913EDDBE800276C1D /* FavoritesViewController.xib in Resources */,
				C3EB249313EDEB0E00276C1D /* world_bg@2x.jpeg in Resources */,
			);
			runOnlyForDeploymentPostprocessing = 0;
		};
/* End PBXResourcesBuildPhase section */

/* Begin PBXSourcesBuildPhase section */
		1D60588E0D05DD3D006BFB54 /* Sources */ = {
			isa = PBXSourcesBuildPhase;
			buildActionMask = 2147483647;
			files = (
				9F2632D812638B5C00DA83F1 /* LocalGlueViewController.m in Sources */,
				9F2632DC12638B8700DA83F1 /* main.m in Sources */,
				9FC6A492126CE71E008D73BA /* AppDelegate.m in Sources */,
				C35C4B5513ECC17C0027A6ED /* GlueView.m in Sources */,
				C367DC1B13ED5B0400EA3138 /* GlueViewController.m in Sources */,
				C367DC2413ED5B4D00EA3138 /* WorldGlueViewController.m in Sources */,
				C3EB246613ED8B8A00276C1D /* GlueGenerator.m in Sources */,
				C3EB247F13ED8E4100276C1D /* Glue.m in Sources */,
				C3EB248813EDDBE800276C1D /* FavoritesViewController.m in Sources */,
				C3A65B6D13EF2D380078D4C8 /* ImageGrabber.m in Sources */,
				C3A65B7113EF2D4E0078D4C8 /* GoogleImageGrabber.m in Sources */,
				C3A65B7413EF2D620078D4C8 /* LocalImageGrabber.m in Sources */,
				C3A65B9113EF4ED00078D4C8 /* NSMutableArray+Shuffling.m in Sources */,
			);
			runOnlyForDeploymentPostprocessing = 0;
		};
/* End PBXSourcesBuildPhase section */

/* Begin PBXVariantGroup section */
		9FC6A52B126D05E2008D73BA /* MainWindow.xib */ = {
			isa = PBXVariantGroup;
			children = (
				9FC6A52C126D05E2008D73BA /* en */,
			);
			name = MainWindow.xib;
			sourceTree = "<group>";
		};
/* End PBXVariantGroup section */

/* Begin XCBuildConfiguration section */
		1D6058940D05DD3E006BFB54 /* Debug */ = {
			isa = XCBuildConfiguration;
			buildSettings = {
				ALWAYS_SEARCH_USER_PATHS = NO;
				COPY_PHASE_STRIP = NO;
				GCC_DYNAMIC_NO_PIC = NO;
				GCC_OPTIMIZATION_LEVEL = 0;
				GCC_PRECOMPILE_PREFIX_HEADER = YES;
				GCC_PREFIX_HEADER = Icons_Prefix.pch;
				INFOPLIST_FILE = "Icons-Info.plist";
				PRODUCT_NAME = Icons;
			};
			name = Debug;
		};
		1D6058950D05DD3E006BFB54 /* Release */ = {
			isa = XCBuildConfiguration;
			buildSettings = {
				ALWAYS_SEARCH_USER_PATHS = NO;
				COPY_PHASE_STRIP = YES;
				GCC_PRECOMPILE_PREFIX_HEADER = YES;
				GCC_PREFIX_HEADER = Icons_Prefix.pch;
				INFOPLIST_FILE = "Icons-Info.plist";
				PRODUCT_NAME = Icons;
				VALIDATE_PRODUCT = YES;
			};
			name = Release;
		};
		C01FCF4F08A954540054247B /* Debug */ = {
			isa = XCBuildConfiguration;
			buildSettings = {
				ARCHS = "$(ARCHS_STANDARD_32_BIT)";
				"CODE_SIGN_IDENTITY[sdk=iphoneos*]" = "iPhone Developer";
				GCC_C_LANGUAGE_STANDARD = c99;
				GCC_WARN_ABOUT_RETURN_TYPE = YES;
				GCC_WARN_UNUSED_VARIABLE = YES;
				IPHONEOS_DEPLOYMENT_TARGET = 3.2;
				SDKROOT = iphoneos;
				TARGETED_DEVICE_FAMILY = "1,2";
			};
			name = Debug;
		};
		C01FCF5008A954540054247B /* Release */ = {
			isa = XCBuildConfiguration;
			buildSettings = {
				ARCHS = "$(ARCHS_STANDARD_32_BIT)";
				"CODE_SIGN_IDENTITY[sdk=iphoneos*]" = "iPhone Developer";
				GCC_C_LANGUAGE_STANDARD = c99;
				GCC_WARN_ABOUT_RETURN_TYPE = YES;
				GCC_WARN_UNUSED_VARIABLE = YES;
				IPHONEOS_DEPLOYMENT_TARGET = 3.2;
				OTHER_CFLAGS = "-DNS_BLOCK_ASSERTIONS=1";
				SDKROOT = iphoneos;
				TARGETED_DEVICE_FAMILY = "1,2";
			};
			name = Release;
		};
/* End XCBuildConfiguration section */

/* Begin XCConfigurationList section */
		1D6058960D05DD3E006BFB54 /* Build configuration list for PBXNativeTarget "SongGlue" */ = {
			isa = XCConfigurationList;
			buildConfigurations = (
				1D6058940D05DD3E006BFB54 /* Debug */,
				1D6058950D05DD3E006BFB54 /* Release */,
			);
			defaultConfigurationIsVisible = 0;
			defaultConfigurationName = Release;
		};
		C01FCF4E08A954540054247B /* Build configuration list for PBXProject "Icons" */ = {
			isa = XCConfigurationList;
			buildConfigurations = (
				C01FCF4F08A954540054247B /* Debug */,
				C01FCF5008A954540054247B /* Release */,
			);
			defaultConfigurationIsVisible = 0;
			defaultConfigurationName = Release;
		};
/* End XCConfigurationList section */
	};
	rootObject = 29B97313FDCFA39411CA2CEA /* Project object */;
}
